
Microsoft Visual Studio Solution File, Format Version 12.00
# Visual Studio 2013
VisualStudioVersion = 12.0.31101.0
MinimumVisualStudioVersion = 10.0.40219.1
Project("{FAE04EC0-301F-11D3-BF4B-00C04F79EFBC}") = "Trial", "Trial\Trial.csproj", "{4FF00545-5873-436C-BD1A-F6F68A90A369}"
EndProject
Project("{2150E333-8FDC-42A3-9474-1A3956D46DE8}") = "PublishScripts", "PublishScripts", "{7182CD03-5850-4C80-94FA-71B1AC559958}"
	ProjectSection(SolutionItems) = preProject
		PublishScripts\AzureWebsitePublishModule.psm1 = PublishScripts\AzureWebsitePublishModule.psm1
		PublishScripts\Publish-WebApplicationWebsite.ps1 = PublishScripts\Publish-WebApplicationWebsite.ps1
	EndProjectSection
EndProject
Project("{2150E333-8FDC-42A3-9474-1A3956D46DE8}") = "Configurations", "Configurations", "{41CE5447-4241-4C05-9739-B95AA8C25A74}"
	ProjectSection(SolutionItems) = preProject
		PublishScripts\Configurations\Trial-WAWS-dev.json = PublishScripts\Configurations\Trial-WAWS-dev.json
	EndProjectSection
EndProject
Global
	GlobalSection(SolutionConfigurationPlatforms) = preSolution
		Debug|Any CPU = Debug|Any CPU
		Release|Any CPU = Release|Any CPU
	EndGlobalSection
	GlobalSection(ProjectConfigurationPlatforms) = postSolution
		{4FF00545-5873-436C-BD1A-F6F68A90A369}.Debug|Any CPU.ActiveCfg = Debug|Any CPU
		{4FF00545-5873-436C-BD1A-F6F68A90A369}.Debug|Any CPU.Build.0 = Debug|Any CPU
		{4FF00545-5873-436C-BD1A-F6F68A90A369}.Release|Any CPU.ActiveCfg = Release|Any CPU
		{4FF00545-5873-436C-BD1A-F6F68A90A369}.Release|Any CPU.Build.0 = Release|Any CPU
	EndGlobalSection
	GlobalSection(SolutionProperties) = preSolution
		HideSolutionNode = FALSE
	EndGlobalSection
	GlobalSection(NestedProjects) = preSolution
		{41CE5447-4241-4C05-9739-B95AA8C25A74} = {7182CD03-5850-4C80-94FA-71B1AC559958}
	EndGlobalSection
EndGlobal
